
Microsoft Visual Studio Solution File, Format Version 12.00
# Visual Studio Version 17
VisualStudioVersion = 17.14.36203.30 d17.14
MinimumVisualStudioVersion = 10.0.40219.1
Project("{FAE04EC0-301F-11D3-BF4B-00C04F79EFBC}") = "HospitalVidaPlena-EmanuelPinheiro", "HospitalVidaPlena-EmanuelPinheiro\HospitalVidaPlena-EmanuelPinheiro.csproj", "{A42FFC4B-398C-41E9-B277-7974E62E67EB}"
EndProject
Global
	GlobalSection(SolutionConfigurationPlatforms) = preSolution
		Debug|Any CPU = Debug|Any CPU
		Release|Any CPU = Release|Any CPU
	EndGlobalSection
	GlobalSection(ProjectConfigurationPlatforms) = postSolution
		{A42FFC4B-398C-41E9-B277-7974E62E67EB}.Debug|Any CPU.ActiveCfg = Debug|Any CPU
		{A42FFC4B-398C-41E9-B277-7974E62E67EB}.Debug|Any CPU.Build.0 = Debug|Any CPU
		{A42FFC4B-398C-41E9-B277-7974E62E67EB}.Release|Any CPU.ActiveCfg = Release|Any CPU
		{A42FFC4B-398C-41E9-B277-7974E62E67EB}.Release|Any CPU.Build.0 = Release|Any CPU
	EndGlobalSection
	GlobalSection(SolutionProperties) = preSolution
		HideSolutionNode = FALSE
	EndGlobalSection
	GlobalSection(ExtensibilityGlobals) = postSolution
		SolutionGuid = {23FFBF89-D32D-440B-BA05-70DCA195B2DB}
	EndGlobalSection
EndGlobal
